
Microsoft Visual Studio Solution File, Format Version 11.00
# Visual Studio 2010
Project("{FAE04EC0-301F-11D3-BF4B-00C04F79EFBC}") = "Minotaur", "Minotaur.csproj", "{51F25038-D856-462D-B7C7-54F2AB4D8A2E}"
EndProject
Project("{FAE04EC0-301F-11D3-BF4B-00C04F79EFBC}") = "ComponentKit", "ComponentKit\ComponentKit.csproj", "{1F5DD5C6-6B92-4F0D-8EC2-1941867082D6}"
EndProject
Project("{FAE04EC0-301F-11D3-BF4B-00C04F79EFBC}") = "Minotaur.Pipeline", "..\Minotaur.Pipeline\Minotaur.Pipeline.csproj", "{FF67EC65-25CE-4D6A-8CFE-4E7002BE8863}"
EndProject
Global
	GlobalSection(SolutionConfigurationPlatforms) = preSolution
		Debug|Any CPU = Debug|Any CPU
		Release|Any CPU = Release|Any CPU
	EndGlobalSection
	GlobalSection(ProjectConfigurationPlatforms) = postSolution
		{51F25038-D856-462D-B7C7-54F2AB4D8A2E}.Debug|Any CPU.ActiveCfg = Debug|Any CPU
		{51F25038-D856-462D-B7C7-54F2AB4D8A2E}.Debug|Any CPU.Build.0 = Debug|Any CPU
		{51F25038-D856-462D-B7C7-54F2AB4D8A2E}.Release|Any CPU.ActiveCfg = Release|Any CPU
		{51F25038-D856-462D-B7C7-54F2AB4D8A2E}.Release|Any CPU.Build.0 = Release|Any CPU
		{1F5DD5C6-6B92-4F0D-8EC2-1941867082D6}.Debug|Any CPU.ActiveCfg = Debug|Any CPU
		{1F5DD5C6-6B92-4F0D-8EC2-1941867082D6}.Debug|Any CPU.Build.0 = Debug|Any CPU
		{1F5DD5C6-6B92-4F0D-8EC2-1941867082D6}.Release|Any CPU.ActiveCfg = Release|Any CPU
		{1F5DD5C6-6B92-4F0D-8EC2-1941867082D6}.Release|Any CPU.Build.0 = Release|Any CPU
		{FF67EC65-25CE-4D6A-8CFE-4E7002BE8863}.Debug|Any CPU.ActiveCfg = Debug|Any CPU
		{FF67EC65-25CE-4D6A-8CFE-4E7002BE8863}.Debug|Any CPU.Build.0 = Debug|Any CPU
		{FF67EC65-25CE-4D6A-8CFE-4E7002BE8863}.Release|Any CPU.ActiveCfg = Release|Any CPU
		{FF67EC65-25CE-4D6A-8CFE-4E7002BE8863}.Release|Any CPU.Build.0 = Release|Any CPU
	EndGlobalSection
	GlobalSection(SolutionProperties) = preSolution
		HideSolutionNode = FALSE
	EndGlobalSection
EndGlobal
